
Microsoft Visual Studio Solution File, Format Version 12.00
# Visual Studio 2012
Project("{FAE04EC0-301F-11D3-BF4B-00C04F79EFBC}") = "Grades", "Grades\Grades.csproj", "{AECB9F0A-E18F-4EDB-BF0B-95203E3E4612}"
EndProject
Global
	GlobalSection(SolutionConfigurationPlatforms) = preSolution
		Debug|x86 = Debug|x86
		Release|x86 = Release|x86
	EndGlobalSection
	GlobalSection(ProjectConfigurationPlatforms) = postSolution
		{AECB9F0A-E18F-4EDB-BF0B-95203E3E4612}.Debug|x86.ActiveCfg = Debug|x86
		{AECB9F0A-E18F-4EDB-BF0B-95203E3E4612}.Debug|x86.Build.0 = Debug|x86
		{AECB9F0A-E18F-4EDB-BF0B-95203E3E4612}.Release|x86.ActiveCfg = Release|x86
		{AECB9F0A-E18F-4EDB-BF0B-95203E3E4612}.Release|x86.Build.0 = Release|x86
	EndGlobalSection
EndGlobal
